// !$*UTF8*$!
{
	archiveVersion = 1;
	classes = {
	};
	objectVersion = 46;
	objects = {

/* Begin PBXBuildFile section */
		FA1937931CFC9AD700B956F9 /* AppDelegate.swift in Sources */ = {isa = PBXBuildFile; fileRef = FA1937921CFC9AD700B956F9 /* AppDelegate.swift */; };
		FA1937951CFC9AD700B956F9 /* ViewController.swift in Sources */ = {isa = PBXBuildFile; fileRef = FA1937941CFC9AD700B956F9 /* ViewController.swift */; };
		FA1937981CFC9AD700B956F9 /* Main.storyboard in Resources */ = {isa = PBXBuildFile; fileRef = FA1937961CFC9AD700B956F9 /* Main.storyboard */; };
		FA19379A1CFC9AD700B956F9 /* Assets.xcassets in Resources */ = {isa = PBXBuildFile; fileRef = FA1937991CFC9AD700B956F9 /* Assets.xcassets */; };
		FA19379D1CFC9AD700B956F9 /* LaunchScreen.storyboard in Resources */ = {isa = PBXBuildFile; fileRef = FA19379B1CFC9AD700B956F9 /* LaunchScreen.storyboard */; };
		FA1937A51CFC9F5700B956F9 /* SecondViewController.swift in Sources */ = {isa = PBXBuildFile; fileRef = FA1937A41CFC9F5700B956F9 /* SecondViewController.swift */; };
		FA1937A71CFCA48200B956F9 /* Main1.storyboard in Resources */ = {isa = PBXBuildFile; fileRef = FA1937A61CFCA48200B956F9 /* Main1.storyboard */; };
		FA1937A91CFCA82800B956F9 /* Main3.storyboard in Resources */ = {isa = PBXBuildFile; fileRef = FA1937A81CFCA82800B956F9 /* Main3.storyboard */; };
/* End PBXBuildFile section */

/* Begin PBXFileReference section */
		FA19378F1CFC9AD700B956F9 /* thirdProject.app */ = {isa = PBXFileReference; explicitFileType = wrapper.application; includeInIndex = 0; path = thirdProject.app; sourceTree = BUILT_PRODUCTS_DIR; };
		FA1937921CFC9AD700B956F9 /* AppDelegate.swift */ = {isa = PBXFileReference; lastKnownFileType = sourcecode.swift; path = AppDelegate.swift; sourceTree = "<group>"; };
		FA1937941CFC9AD700B956F9 /* ViewController.swift */ = {isa = PBXFileReference; lastKnownFileType = sourcecode.swift; path = ViewController.swift; sourceTree = "<group>"; };
		FA1937971CFC9AD700B956F9 /* Base */ = {isa = PBXFileReference; lastKnownFileType = file.storyboard; name = Base; path = Base.lproj/Main.storyboard; sourceTree = "<group>"; };
		FA1937991CFC9AD700B956F9 /* Assets.xcassets */ = {isa = PBXFileReference; lastKnownFileType = folder.assetcatalog; path = Assets.xcassets; sourceTree = "<group>"; };
		FA19379C1CFC9AD700B956F9 /* Base */ = {isa = PBXFileReference; lastKnownFileType = file.storyboard; name = Base; path = Base.lproj/LaunchScreen.storyboard; sourceTree = "<group>"; };
		FA19379E1CFC9AD700B956F9 /* Info.plist */ = {isa = PBXFileReference; lastKnownFileType = text.plist.xml; path = Info.plist; sourceTree = "<group>"; };
		FA1937A41CFC9F5700B956F9 /* SecondViewController.swift */ = {isa = PBXFileReference; fileEncoding = 4; lastKnownFileType = sourcecode.swift; path = SecondViewController.swift; sourceTree = "<group>"; };
		FA1937A61CFCA48200B956F9 /* Main1.storyboard */ = {isa = PBXFileReference; fileEncoding = 4; lastKnownFileType = file.storyboard; name = Main1.storyboard; path = ../Main1.storyboard; sourceTree = "<group>"; };
		FA1937A81CFCA82800B956F9 /* Main3.storyboard */ = {isa = PBXFileReference; fileEncoding = 4; lastKnownFileType = file.storyboard; path = Main3.storyboard; sourceTree = "<group>"; };
/* End PBXFileReference section */

/* Begin PBXFrameworksBuildPhase section */
		FA19378C1CFC9AD700B956F9 /* Frameworks */ = {
			isa = PBXFrameworksBuildPhase;
			buildActionMask = 2147483647;
			files = (
			);
			runOnlyForDeploymentPostprocessing = 0;
		};
/* End PBXFrameworksBuildPhase section */

/* Begin PBXGroup section */
		FA1937861CFC9AD700B956F9 = {
			isa = PBXGroup;
			children = (
				FA1937911CFC9AD700B956F9 /* thirdProject */,
				FA1937901CFC9AD700B956F9 /* Products */,
			);
			sourceTree = "<group>";
		};
		FA1937901CFC9AD700B956F9 /* Products */ = {
			isa = PBXGroup;
			children = (
				FA19378F1CFC9AD700B956F9 /* thirdProject.app */,
			);
			name = Products;
			sourceTree = "<group>";
		};
		FA1937911CFC9AD700B956F9 /* thirdProject */ = {
			isa = PBXGroup;
			children = (
				FA1937921CFC9AD700B956F9 /* AppDelegate.swift */,
				FA1937941CFC9AD700B956F9 /* ViewController.swift */,
				FA1937A61CFCA48200B956F9 /* Main1.storyboard */,
				FA1937A81CFCA82800B956F9 /* Main3.storyboard */,
				FA1937961CFC9AD700B956F9 /* Main.storyboard */,
				FA1937991CFC9AD700B956F9 /* Assets.xcassets */,
				FA19379B1CFC9AD700B956F9 /* LaunchScreen.storyboard */,
				FA19379E1CFC9AD700B956F9 /* Info.plist */,
				FA1937A41CFC9F5700B956F9 /* SecondViewController.swift */,
			);
			path = thirdProject;
			sourceTree = "<group>";
		};
/* End PBXGroup section */

/* Begin PBXNativeTarget section */
		FA19378E1CFC9AD700B956F9 /* thirdProject */ = {
			isa = PBXNativeTarget;
			buildConfigurationList = FA1937A11CFC9AD700B956F9 /* Build configuration list for PBXNativeTarget "thirdProject" */;
			buildPhases = (
				FA19378B1CFC9AD700B956F9 /* Sources */,
				FA19378C1CFC9AD700B956F9 /* Frameworks */,
				FA19378D1CFC9AD700B956F9 /* Resources */,
			);
			buildRules = (
			);
			dependencies = (
			);
			name = thirdProject;
			productName = thirdProject;
			productReference = FA19378F1CFC9AD700B956F9 /* thirdProject.app */;
			productType = "com.apple.product-type.application";
		};
/* End PBXNativeTarget section */

/* Begin PBXProject section */
		FA1937871CFC9AD700B956F9 /* Project object */ = {
			isa = PBXProject;
			attributes = {
				LastSwiftUpdateCheck = 0730;
				LastUpgradeCheck = 0730;
				ORGANIZATIONNAME = oleksii;
				TargetAttributes = {
					FA19378E1CFC9AD700B956F9 = {
						CreatedOnToolsVersion = 7.3;
					};
				};
			};
			buildConfigurationList = FA19378A1CFC9AD700B956F9 /* Build configuration list for PBXProject "thirdProject" */;
			compatibilityVersion = "Xcode 3.2";
			developmentRegion = English;
			hasScannedForEncodings = 0;
			knownRegions = (
				en,
				Base,
			);
			mainGroup = FA1937861CFC9AD700B956F9;
			productRefGroup = FA1937901CFC9AD700B956F9 /* Products */;
			projectDirPath = "";
			projectRoot = "";
			targets = (
				FA19378E1CFC9AD700B956F9 /* thirdProject */,
			);
		};
/* End PBXProject section */

/* Begin PBXResourcesBuildPhase section */
		FA19378D1CFC9AD700B956F9 /* Resources */ = {
			isa = PBXResourcesBuildPhase;
			buildActionMask = 2147483647;
			files = (
				FA19379D1CFC9AD700B956F9 /* LaunchScreen.storyboard in Resources */,
				FA1937A91CFCA82800B956F9 /* Main3.storyboard in Resources */,
				FA1937A71CFCA48200B956F9 /* Main1.storyboard in Resources */,
				FA19379A1CFC9AD700B956F9 /* Assets.xcassets in Resources */,
				FA1937981CFC9AD700B956F9 /* Main.storyboard in Resources */,
			);
			runOnlyForDeploymentPostprocessing = 0;
		};
/* End PBXResourcesBuildPhase section */

/* Begin PBXSourcesBuildPhase section */
		FA19378B1CFC9AD700B956F9 /* Sources */ = {
			isa = PBXSourcesBuildPhase;
			buildActionMask = 2147483647;
			files = (
				FA1937A51CFC9F5700B956F9 /* SecondViewController.swift in Sources */,
				FA1937951CFC9AD700B956F9 /* ViewController.swift in Sources */,
				FA1937931CFC9AD700B956F9 /* AppDelegate.swift in Sources */,
			);
			runOnlyForDeploymentPostprocessing = 0;
		};
/* End PBXSourcesBuildPhase section */

/* Begin PBXVariantGroup section */
		FA1937961CFC9AD700B956F9 /* Main.storyboard */ = {
			isa = PBXVariantGroup;
			children = (
				FA1937971CFC9AD700B956F9 /* Base */,
			);
			name = Main.storyboard;
			sourceTree = "<group>";
		};
		FA19379B1CFC9AD700B956F9 /* LaunchScreen.storyboard */ = {
			isa = PBXVariantGroup;
			children = (
				FA19379C1CFC9AD700B956F9 /* Base */,
			);
			name = LaunchScreen.storyboard;
			sourceTree = "<group>";
		};
/* End PBXVariantGroup section */

/* Begin XCBuildConfiguration section */
		FA19379F1CFC9AD700B956F9 /* Debug */ = {
			isa = XCBuildConfiguration;
			buildSettings = {
				ALWAYS_SEARCH_USER_PATHS = NO;
				CLANG_ANALYZER_NONNULL = YES;
				CLANG_CXX_LANGUAGE_STANDARD = "gnu++0x";
				CLANG_CXX_LIBRARY = "libc++";
				CLANG_ENABLE_MODULES = YES;
				CLANG_ENABLE_OBJC_ARC = YES;
				CLANG_WARN_BOOL_CONVERSION = YES;
				CLANG_WARN_CONSTANT_CONVERSION = YES;
				CLANG_WARN_DIRECT_OBJC_ISA_USAGE = YES_ERROR;
				CLANG_WARN_EMPTY_BODY = YES;
				CLANG_WARN_ENUM_CONVERSION = YES;
				CLANG_WARN_INT_CONVERSION = YES;
				CLANG_WARN_OBJC_ROOT_CLASS = YES_ERROR;
				CLANG_WARN_UNREACHABLE_CODE = YES;
				CLANG_WARN__DUPLICATE_METHOD_MATCH = YES;
				"CODE_SIGN_IDENTITY[sdk=iphoneos*]" = "iPhone Developer";
				COPY_PHASE_STRIP = NO;
				DEBUG_INFORMATION_FORMAT = dwarf;
				ENABLE_STRICT_OBJC_MSGSEND = YES;
				ENABLE_TESTABILITY = YES;
				GCC_C_LANGUAGE_STANDARD = gnu99;
				GCC_DYNAMIC_NO_PIC = NO;
				GCC_NO_COMMON_BLOCKS = YES;
				GCC_OPTIMIZATION_LEVEL = 0;
				GCC_PREPROCESSOR_DEFINITIONS = (
					"DEBUG=1",
					"$(inherited)",
				);
				GCC_WARN_64_TO_32_BIT_CONVERSION = YES;
				GCC_WARN_ABOUT_RETURN_TYPE = YES_ERROR;
				GCC_WARN_UNDECLARED_SELECTOR = YES;
				GCC_WARN_UNINITIALIZED_AUTOS = YES_AGGRESSIVE;
				GCC_WARN_UNUSED_FUNCTION = YES;
				GCC_WARN_UNUSED_VARIABLE = YES;
				IPHONEOS_DEPLOYMENT_TARGET = 9.3;
				MTL_ENABLE_DEBUG_INFO = YES;
				ONLY_ACTIVE_ARCH = YES;
				SDKROOT = iphoneos;
				SWIFT_OPTIMIZATION_LEVEL = "-Onone";
			};
			name = Debug;
		};
		FA1937A01CFC9AD700B956F9 /* Release */ = {
			isa = XCBuildConfiguration;
			buildSettings = {
				ALWAYS_SEARCH_USER_PATHS = NO;
				CLANG_ANALYZER_NONNULL = YES;
				CLANG_CXX_LANGUAGE_STANDARD = "gnu++0x";
				CLANG_CXX_LIBRARY = "libc++";
				CLANG_ENABLE_MODULES = YES;
				CLANG_ENABLE_OBJC_ARC = YES;
				CLANG_WARN_BOOL_CONVERSION = YES;
				CLANG_WARN_CONSTANT_CONVERSION = YES;
				CLANG_WARN_DIRECT_OBJC_ISA_USAGE = YES_ERROR;
				CLANG_WARN_EMPTY_BODY = YES;
				CLANG_WARN_ENUM_CONVERSION = YES;
				CLANG_WARN_INT_CONVERSION = YES;
				CLANG_WARN_OBJC_ROOT_CLASS = YES_ERROR;
				CLANG_WARN_UNREACHABLE_CODE = YES;
				CLANG_WARN__DUPLICATE_METHOD_MATCH = YES;
				"CODE_SIGN_IDENTITY[sdk=iphoneos*]" = "iPhone Developer";
				COPY_PHASE_STRIP = NO;
				DEBUG_INFORMATION_FORMAT = "dwarf-with-dsym";
				ENABLE_NS_ASSERTIONS = NO;
				ENABLE_STRICT_OBJC_MSGSEND = YES;
				GCC_C_LANGUAGE_STANDARD = gnu99;
				GCC_NO_COMMON_BLOCKS = YES;
				GCC_WARN_64_TO_32_BIT_CONVERSION = YES;
				GCC_WARN_ABOUT_RETURN_TYPE = YES_ERROR;
				GCC_WARN_UNDECLARED_SELECTOR = YES;
				GCC_WARN_UNINITIALIZED_AUTOS = YES_AGGRESSIVE;
				GCC_WARN_UNUSED_FUNCTION = YES;
				GCC_WARN_UNUSED_VARIABLE = YES;
				IPHONEOS_DEPLOYMENT_TARGET = 9.3;
				MTL_ENABLE_DEBUG_INFO = NO;
				SDKROOT = iphoneos;
				VALIDATE_PRODUCT = YES;
			};
			name = Release;
		};
		FA1937A21CFC9AD700B956F9 /* Debug */ = {
			isa = XCBuildConfiguration;
			buildSettings = {
				ASSETCATALOG_COMPILER_APPICON_NAME = AppIcon;
				INFOPLIST_FILE = thirdProject/Info.plist;
				LD_RUNPATH_SEARCH_PATHS = "$(inherited) @executable_path/Frameworks";
				PRODUCT_BUNDLE_IDENTIFIER = com.oleksii.thirdProject;
				PRODUCT_NAME = "$(TARGET_NAME)";
			};
			name = Debug;
		};
		FA1937A31CFC9AD700B956F9 /* Release */ = {
			isa = XCBuildConfiguration;
			buildSettings = {
				ASSETCATALOG_COMPILER_APPICON_NAME = AppIcon;
				INFOPLIST_FILE = thirdProject/Info.plist;
				LD_RUNPATH_SEARCH_PATHS = "$(inherited) @executable_path/Frameworks";
				PRODUCT_BUNDLE_IDENTIFIER = com.oleksii.thirdProject;
				PRODUCT_NAME = "$(TARGET_NAME)";
			};
			name = Release;
		};
/* End XCBuildConfiguration section */

/* Begin XCConfigurationList section */
		FA19378A1CFC9AD700B956F9 /* Build configuration list for PBXProject "thirdProject" */ = {
			isa = XCConfigurationList;
			buildConfigurations = (
				FA19379F1CFC9AD700B956F9 /* Debug */,
				FA1937A01CFC9AD700B956F9 /* Release */,
			);
			defaultConfigurationIsVisible = 0;
			defaultConfigurationName = Release;
		};
		FA1937A11CFC9AD700B956F9 /* Build configuration list for PBXNativeTarget "thirdProject" */ = {
			isa = XCConfigurationList;
			buildConfigurations = (
				FA1937A21CFC9AD700B956F9 /* Debug */,
				FA1937A31CFC9AD700B956F9 /* Release */,
			);
			defaultConfigurationIsVisible = 0;
		};
/* End XCConfigurationList section */
	};
	rootObject = FA1937871CFC9AD700B956F9 /* Project object */;
}
