// !$*UTF8*$!
{
	archiveVersion = 1;
	classes = {
	};
	objectVersion = 46;
	objects = {

/* Begin PBXBuildFile section */
		FA1BD9251D0090C9007A51F6 /* AppDelegate.swift in Sources */ = {isa = PBXBuildFile; fileRef = FA1BD9241D0090C9007A51F6 /* AppDelegate.swift */; };
		FA1BD9271D0090C9007A51F6 /* ViewController.swift in Sources */ = {isa = PBXBuildFile; fileRef = FA1BD9261D0090C9007A51F6 /* ViewController.swift */; };
		FA1BD92A1D0090C9007A51F6 /* Main.storyboard in Resources */ = {isa = PBXBuildFile; fileRef = FA1BD9281D0090C9007A51F6 /* Main.storyboard */; };
		FA1BD92C1D0090C9007A51F6 /* Assets.xcassets in Resources */ = {isa = PBXBuildFile; fileRef = FA1BD92B1D0090C9007A51F6 /* Assets.xcassets */; };
		FA1BD92F1D0090C9007A51F6 /* LaunchScreen.storyboard in Resources */ = {isa = PBXBuildFile; fileRef = FA1BD92D1D0090C9007A51F6 /* LaunchScreen.storyboard */; };
		FA1BD9371D009401007A51F6 /* TableViewControler.swift in Sources */ = {isa = PBXBuildFile; fileRef = FA1BD9361D009401007A51F6 /* TableViewControler.swift */; };
		FA1BD9391D009566007A51F6 /* TableViewCell.swift in Sources */ = {isa = PBXBuildFile; fileRef = FA1BD9381D009566007A51F6 /* TableViewCell.swift */; };
		FA1BD93B1D00A4AE007A51F6 /* CollectioViewController.swift in Sources */ = {isa = PBXBuildFile; fileRef = FA1BD93A1D00A4AE007A51F6 /* CollectioViewController.swift */; };
		FA1BD93D1D00A527007A51F6 /* CollectionViewCell.swift in Sources */ = {isa = PBXBuildFile; fileRef = FA1BD93C1D00A527007A51F6 /* CollectionViewCell.swift */; };
/* End PBXBuildFile section */

/* Begin PBXFileReference section */
		FA1BD9211D0090C9007A51F6 /* 10DZ.app */ = {isa = PBXFileReference; explicitFileType = wrapper.application; includeInIndex = 0; path = 10DZ.app; sourceTree = BUILT_PRODUCTS_DIR; };
		FA1BD9241D0090C9007A51F6 /* AppDelegate.swift */ = {isa = PBXFileReference; lastKnownFileType = sourcecode.swift; path = AppDelegate.swift; sourceTree = "<group>"; };
		FA1BD9261D0090C9007A51F6 /* ViewController.swift */ = {isa = PBXFileReference; lastKnownFileType = sourcecode.swift; path = ViewController.swift; sourceTree = "<group>"; };
		FA1BD9291D0090C9007A51F6 /* Base */ = {isa = PBXFileReference; lastKnownFileType = file.storyboard; name = Base; path = Base.lproj/Main.storyboard; sourceTree = "<group>"; };
		FA1BD92B1D0090C9007A51F6 /* Assets.xcassets */ = {isa = PBXFileReference; lastKnownFileType = folder.assetcatalog; path = Assets.xcassets; sourceTree = "<group>"; };
		FA1BD92E1D0090C9007A51F6 /* Base */ = {isa = PBXFileReference; lastKnownFileType = file.storyboard; name = Base; path = Base.lproj/LaunchScreen.storyboard; sourceTree = "<group>"; };
		FA1BD9301D0090C9007A51F6 /* Info.plist */ = {isa = PBXFileReference; lastKnownFileType = text.plist.xml; path = Info.plist; sourceTree = "<group>"; };
		FA1BD9361D009401007A51F6 /* TableViewControler.swift */ = {isa = PBXFileReference; fileEncoding = 4; lastKnownFileType = sourcecode.swift; name = TableViewControler.swift; path = ../TableViewControler.swift; sourceTree = "<group>"; };
		FA1BD9381D009566007A51F6 /* TableViewCell.swift */ = {isa = PBXFileReference; fileEncoding = 4; lastKnownFileType = sourcecode.swift; path = TableViewCell.swift; sourceTree = "<group>"; };
		FA1BD93A1D00A4AE007A51F6 /* CollectioViewController.swift */ = {isa = PBXFileReference; fileEncoding = 4; lastKnownFileType = sourcecode.swift; path = CollectioViewController.swift; sourceTree = "<group>"; };
		FA1BD93C1D00A527007A51F6 /* CollectionViewCell.swift */ = {isa = PBXFileReference; fileEncoding = 4; lastKnownFileType = sourcecode.swift; path = CollectionViewCell.swift; sourceTree = "<group>"; };
/* End PBXFileReference section */

/* Begin PBXFrameworksBuildPhase section */
		FA1BD91E1D0090C9007A51F6 /* Frameworks */ = {
			isa = PBXFrameworksBuildPhase;
			buildActionMask = 2147483647;
			files = (
			);
			runOnlyForDeploymentPostprocessing = 0;
		};
/* End PBXFrameworksBuildPhase section */

/* Begin PBXGroup section */
		FA1BD9181D0090C9007A51F6 = {
			isa = PBXGroup;
			children = (
				FA1BD9231D0090C9007A51F6 /* 10DZ */,
				FA1BD9221D0090C9007A51F6 /* Products */,
			);
			sourceTree = "<group>";
		};
		FA1BD9221D0090C9007A51F6 /* Products */ = {
			isa = PBXGroup;
			children = (
				FA1BD9211D0090C9007A51F6 /* 10DZ.app */,
			);
			name = Products;
			sourceTree = "<group>";
		};
		FA1BD9231D0090C9007A51F6 /* 10DZ */ = {
			isa = PBXGroup;
			children = (
				FA1BD9361D009401007A51F6 /* TableViewControler.swift */,
				FA1BD9241D0090C9007A51F6 /* AppDelegate.swift */,
				FA1BD9261D0090C9007A51F6 /* ViewController.swift */,
				FA1BD9281D0090C9007A51F6 /* Main.storyboard */,
				FA1BD92B1D0090C9007A51F6 /* Assets.xcassets */,
				FA1BD92D1D0090C9007A51F6 /* LaunchScreen.storyboard */,
				FA1BD9301D0090C9007A51F6 /* Info.plist */,
				FA1BD9381D009566007A51F6 /* TableViewCell.swift */,
				FA1BD93A1D00A4AE007A51F6 /* CollectioViewController.swift */,
				FA1BD93C1D00A527007A51F6 /* CollectionViewCell.swift */,
			);
			path = 10DZ;
			sourceTree = "<group>";
		};
/* End PBXGroup section */

/* Begin PBXNativeTarget section */
		FA1BD9201D0090C9007A51F6 /* 10DZ */ = {
			isa = PBXNativeTarget;
			buildConfigurationList = FA1BD9331D0090C9007A51F6 /* Build configuration list for PBXNativeTarget "10DZ" */;
			buildPhases = (
				FA1BD91D1D0090C9007A51F6 /* Sources */,
				FA1BD91E1D0090C9007A51F6 /* Frameworks */,
				FA1BD91F1D0090C9007A51F6 /* Resources */,
			);
			buildRules = (
			);
			dependencies = (
			);
			name = 10DZ;
			productName = 10DZ;
			productReference = FA1BD9211D0090C9007A51F6 /* 10DZ.app */;
			productType = "com.apple.product-type.application";
		};
/* End PBXNativeTarget section */

/* Begin PBXProject section */
		FA1BD9191D0090C9007A51F6 /* Project object */ = {
			isa = PBXProject;
			attributes = {
				LastSwiftUpdateCheck = 0730;
				LastUpgradeCheck = 0730;
				ORGANIZATIONNAME = oleksii;
				TargetAttributes = {
					FA1BD9201D0090C9007A51F6 = {
						CreatedOnToolsVersion = 7.3;
					};
				};
			};
			buildConfigurationList = FA1BD91C1D0090C9007A51F6 /* Build configuration list for PBXProject "10DZ" */;
			compatibilityVersion = "Xcode 3.2";
			developmentRegion = English;
			hasScannedForEncodings = 0;
			knownRegions = (
				en,
				Base,
			);
			mainGroup = FA1BD9181D0090C9007A51F6;
			productRefGroup = FA1BD9221D0090C9007A51F6 /* Products */;
			projectDirPath = "";
			projectRoot = "";
			targets = (
				FA1BD9201D0090C9007A51F6 /* 10DZ */,
			);
		};
/* End PBXProject section */

/* Begin PBXResourcesBuildPhase section */
		FA1BD91F1D0090C9007A51F6 /* Resources */ = {
			isa = PBXResourcesBuildPhase;
			buildActionMask = 2147483647;
			files = (
				FA1BD92F1D0090C9007A51F6 /* LaunchScreen.storyboard in Resources */,
				FA1BD92C1D0090C9007A51F6 /* Assets.xcassets in Resources */,
				FA1BD92A1D0090C9007A51F6 /* Main.storyboard in Resources */,
			);
			runOnlyForDeploymentPostprocessing = 0;
		};
/* End PBXResourcesBuildPhase section */

/* Begin PBXSourcesBuildPhase section */
		FA1BD91D1D0090C9007A51F6 /* Sources */ = {
			isa = PBXSourcesBuildPhase;
			buildActionMask = 2147483647;
			files = (
				FA1BD93B1D00A4AE007A51F6 /* CollectioViewController.swift in Sources */,
				FA1BD9371D009401007A51F6 /* TableViewControler.swift in Sources */,
				FA1BD93D1D00A527007A51F6 /* CollectionViewCell.swift in Sources */,
				FA1BD9391D009566007A51F6 /* TableViewCell.swift in Sources */,
				FA1BD9271D0090C9007A51F6 /* ViewController.swift in Sources */,
				FA1BD9251D0090C9007A51F6 /* AppDelegate.swift in Sources */,
			);
			runOnlyForDeploymentPostprocessing = 0;
		};
/* End PBXSourcesBuildPhase section */

/* Begin PBXVariantGroup section */
		FA1BD9281D0090C9007A51F6 /* Main.storyboard */ = {
			isa = PBXVariantGroup;
			children = (
				FA1BD9291D0090C9007A51F6 /* Base */,
			);
			name = Main.storyboard;
			sourceTree = "<group>";
		};
		FA1BD92D1D0090C9007A51F6 /* LaunchScreen.storyboard */ = {
			isa = PBXVariantGroup;
			children = (
				FA1BD92E1D0090C9007A51F6 /* Base */,
			);
			name = LaunchScreen.storyboard;
			sourceTree = "<group>";
		};
/* End PBXVariantGroup section */

/* Begin XCBuildConfiguration section */
		FA1BD9311D0090C9007A51F6 /* Debug */ = {
			isa = XCBuildConfiguration;
			buildSettings = {
				ALWAYS_SEARCH_USER_PATHS = NO;
				CLANG_ANALYZER_NONNULL = YES;
				CLANG_CXX_LANGUAGE_STANDARD = "gnu++0x";
				CLANG_CXX_LIBRARY = "libc++";
				CLANG_ENABLE_MODULES = YES;
				CLANG_ENABLE_OBJC_ARC = YES;
				CLANG_WARN_BOOL_CONVERSION = YES;
				CLANG_WARN_CONSTANT_CONVERSION = YES;
				CLANG_WARN_DIRECT_OBJC_ISA_USAGE = YES_ERROR;
				CLANG_WARN_EMPTY_BODY = YES;
				CLANG_WARN_ENUM_CONVERSION = YES;
				CLANG_WARN_INT_CONVERSION = YES;
				CLANG_WARN_OBJC_ROOT_CLASS = YES_ERROR;
				CLANG_WARN_UNREACHABLE_CODE = YES;
				CLANG_WARN__DUPLICATE_METHOD_MATCH = YES;
				"CODE_SIGN_IDENTITY[sdk=iphoneos*]" = "iPhone Developer";
				COPY_PHASE_STRIP = NO;
				DEBUG_INFORMATION_FORMAT = dwarf;
				ENABLE_STRICT_OBJC_MSGSEND = YES;
				ENABLE_TESTABILITY = YES;
				GCC_C_LANGUAGE_STANDARD = gnu99;
				GCC_DYNAMIC_NO_PIC = NO;
				GCC_NO_COMMON_BLOCKS = YES;
				GCC_OPTIMIZATION_LEVEL = 0;
				GCC_PREPROCESSOR_DEFINITIONS = (
					"DEBUG=1",
					"$(inherited)",
				);
				GCC_WARN_64_TO_32_BIT_CONVERSION = YES;
				GCC_WARN_ABOUT_RETURN_TYPE = YES_ERROR;
				GCC_WARN_UNDECLARED_SELECTOR = YES;
				GCC_WARN_UNINITIALIZED_AUTOS = YES_AGGRESSIVE;
				GCC_WARN_UNUSED_FUNCTION = YES;
				GCC_WARN_UNUSED_VARIABLE = YES;
				IPHONEOS_DEPLOYMENT_TARGET = 9.3;
				MTL_ENABLE_DEBUG_INFO = YES;
				ONLY_ACTIVE_ARCH = YES;
				SDKROOT = iphoneos;
				SWIFT_OPTIMIZATION_LEVEL = "-Onone";
			};
			name = Debug;
		};
		FA1BD9321D0090C9007A51F6 /* Release */ = {
			isa = XCBuildConfiguration;
			buildSettings = {
				ALWAYS_SEARCH_USER_PATHS = NO;
				CLANG_ANALYZER_NONNULL = YES;
				CLANG_CXX_LANGUAGE_STANDARD = "gnu++0x";
				CLANG_CXX_LIBRARY = "libc++";
				CLANG_ENABLE_MODULES = YES;
				CLANG_ENABLE_OBJC_ARC = YES;
				CLANG_WARN_BOOL_CONVERSION = YES;
				CLANG_WARN_CONSTANT_CONVERSION = YES;
				CLANG_WARN_DIRECT_OBJC_ISA_USAGE = YES_ERROR;
				CLANG_WARN_EMPTY_BODY = YES;
				CLANG_WARN_ENUM_CONVERSION = YES;
				CLANG_WARN_INT_CONVERSION = YES;
				CLANG_WARN_OBJC_ROOT_CLASS = YES_ERROR;
				CLANG_WARN_UNREACHABLE_CODE = YES;
				CLANG_WARN__DUPLICATE_METHOD_MATCH = YES;
				"CODE_SIGN_IDENTITY[sdk=iphoneos*]" = "iPhone Developer";
				COPY_PHASE_STRIP = NO;
				DEBUG_INFORMATION_FORMAT = "dwarf-with-dsym";
				ENABLE_NS_ASSERTIONS = NO;
				ENABLE_STRICT_OBJC_MSGSEND = YES;
				GCC_C_LANGUAGE_STANDARD = gnu99;
				GCC_NO_COMMON_BLOCKS = YES;
				GCC_WARN_64_TO_32_BIT_CONVERSION = YES;
				GCC_WARN_ABOUT_RETURN_TYPE = YES_ERROR;
				GCC_WARN_UNDECLARED_SELECTOR = YES;
				GCC_WARN_UNINITIALIZED_AUTOS = YES_AGGRESSIVE;
				GCC_WARN_UNUSED_FUNCTION = YES;
				GCC_WARN_UNUSED_VARIABLE = YES;
				IPHONEOS_DEPLOYMENT_TARGET = 9.3;
				MTL_ENABLE_DEBUG_INFO = NO;
				SDKROOT = iphoneos;
				VALIDATE_PRODUCT = YES;
			};
			name = Release;
		};
		FA1BD9341D0090C9007A51F6 /* Debug */ = {
			isa = XCBuildConfiguration;
			buildSettings = {
				ASSETCATALOG_COMPILER_APPICON_NAME = AppIcon;
				INFOPLIST_FILE = 10DZ/Info.plist;
				LD_RUNPATH_SEARCH_PATHS = "$(inherited) @executable_path/Frameworks";
				PRODUCT_BUNDLE_IDENTIFIER = "com.oleksii.-0DZ";
				PRODUCT_NAME = "$(TARGET_NAME)";
			};
			name = Debug;
		};
		FA1BD9351D0090C9007A51F6 /* Release */ = {
			isa = XCBuildConfiguration;
			buildSettings = {
				ASSETCATALOG_COMPILER_APPICON_NAME = AppIcon;
				INFOPLIST_FILE = 10DZ/Info.plist;
				LD_RUNPATH_SEARCH_PATHS = "$(inherited) @executable_path/Frameworks";
				PRODUCT_BUNDLE_IDENTIFIER = "com.oleksii.-0DZ";
				PRODUCT_NAME = "$(TARGET_NAME)";
			};
			name = Release;
		};
/* End XCBuildConfiguration section */

/* Begin XCConfigurationList section */
		FA1BD91C1D0090C9007A51F6 /* Build configuration list for PBXProject "10DZ" */ = {
			isa = XCConfigurationList;
			buildConfigurations = (
				FA1BD9311D0090C9007A51F6 /* Debug */,
				FA1BD9321D0090C9007A51F6 /* Release */,
			);
			defaultConfigurationIsVisible = 0;
			defaultConfigurationName = Release;
		};
		FA1BD9331D0090C9007A51F6 /* Build configuration list for PBXNativeTarget "10DZ" */ = {
			isa = XCConfigurationList;
			buildConfigurations = (
				FA1BD9341D0090C9007A51F6 /* Debug */,
				FA1BD9351D0090C9007A51F6 /* Release */,
			);
			defaultConfigurationIsVisible = 0;
		};
/* End XCConfigurationList section */
	};
	rootObject = FA1BD9191D0090C9007A51F6 /* Project object */;
}
